lockfileVersion: '9.0'

settings:
  autoInstallPeers: true
  excludeLinksFromLockfile: false

importers:

  .:
    dependencies:
      mixpanel-browser:
        specifier: ^2.53.0
        version: 2.53.0
      react:
        specifier: ^18.3.1
        version: 18.3.1
      react-dom:
        specifier: ^18.3.1
        version: 18.3.1(react@18.3.1)
      react-router-dom:
        specifier: ^5.3.4
        version: 5.3.4(react@18.3.1)
      supermosh:
        specifier: link:../core
        version: link:../core
    devDependencies:
      '@types/mixpanel-browser':
        specifier: ^2.49.0
        version: 2.49.0
      '@types/react':
        specifier: ^18.3.3
        version: 18.3.3
      '@types/react-dom':
        specifier: ^18.3.0
        version: 18.3.0
      '@types/react-router-dom':
        specifier: ^5.3.3
        version: 5.3.3
      '@vitejs/plugin-react-swc':
        specifier: ^3.7.0
        version: 3.7.0(vite@4.5.3)
      typescript:
        specifier: ^4.9.5
        version: 4.9.5
      vite:
        specifier: ^4.5.3
        version: 4.5.3

packages:

  '@babel/runtime@7.24.7':
    resolution: {integrity: sha512-UwgBRMjJP+xv857DCngvqXI3Iq6J4v0wXmwc6sapg+zyhbwmQX67LUEFrkK5tbyJ30jGuG3ZvWpBiB9LCy1kWw==}
    engines: {node: '>=6.9.0'}

  '@esbuild/android-arm64@0.18.20':
    resolution: {integrity: sha512-Nz4rJcchGDtENV0eMKUNa6L12zz2zBDXuhj/Vjh18zGqB44Bi7MBMSXjgunJgjRhCmKOjnPuZp4Mb6OKqtMHLQ==}
    engines: {node: '>=12'}
    cpu: [arm64]
    os: [android]

  '@esbuild/android-arm@0.18.20':
    resolution: {integrity: sha512-fyi7TDI/ijKKNZTUJAQqiG5T7YjJXgnzkURqmGj13C6dCqckZBLdl4h7bkhHt/t0WP+zO9/zwroDvANaOqO5Sw==}
    engines: {node: '>=12'}
    cpu: [arm]
    os: [android]

  '@esbuild/android-x64@0.18.20':
    resolution: {integrity: sha512-8GDdlePJA8D6zlZYJV/jnrRAi6rOiNaCC/JclcXpB+KIuvfBN4owLtgzY2bsxnx666XjJx2kDPUmnTtR8qKQUg==}
    engines: {node: '>=12'}
    cpu: [x64]
    os: [android]

  '@esbuild/darwin-arm64@0.18.20':
    resolution: {integrity: sha512-bxRHW5kHU38zS2lPTPOyuyTm+S+eobPUnTNkdJEfAddYgEcll4xkT8DB9d2008DtTbl7uJag2HuE5NZAZgnNEA==}
    engines: {node: '>=12'}
    cpu: [arm64]
    os: [darwin]

  '@esbuild/darwin-x64@0.18.20':
    resolution: {integrity: sha512-pc5gxlMDxzm513qPGbCbDukOdsGtKhfxD1zJKXjCCcU7ju50O7MeAZ8c4krSJcOIJGFR+qx21yMMVYwiQvyTyQ==}
    engines: {node: '>=12'}
    cpu: [x64]
    os: [darwin]

  '@esbuild/freebsd-arm64@0.18.20':
    resolution: {integrity: sha512-yqDQHy4QHevpMAaxhhIwYPMv1NECwOvIpGCZkECn8w2WFHXjEwrBn3CeNIYsibZ/iZEUemj++M26W3cNR5h+Tw==}
    engines: {node: '>=12'}
    cpu: [arm64]
    os: [freebsd]

  '@esbuild/freebsd-x64@0.18.20':
    resolution: {integrity: sha512-tgWRPPuQsd3RmBZwarGVHZQvtzfEBOreNuxEMKFcd5DaDn2PbBxfwLcj4+aenoh7ctXcbXmOQIn8HI6mCSw5MQ==}
    engines: {node: '>=12'}
    cpu: [x64]
    os: [freebsd]

  '@esbuild/linux-arm64@0.18.20':
    resolution: {integrity: sha512-2YbscF+UL7SQAVIpnWvYwM+3LskyDmPhe31pE7/aoTMFKKzIc9lLbyGUpmmb8a8AixOL61sQ/mFh3jEjHYFvdA==}
    engines: {node: '>=12'}
    cpu: [arm64]
    os: [linux]

  '@esbuild/linux-arm@0.18.20':
    resolution: {integrity: sha512-/5bHkMWnq1EgKr1V+Ybz3s1hWXok7mDFUMQ4cG10AfW3wL02PSZi5kFpYKrptDsgb2WAJIvRcDm+qIvXf/apvg==}
    engines: {node: '>=12'}
    cpu: [arm]
    os: [linux]

  '@esbuild/linux-ia32@0.18.20':
    resolution: {integrity: sha512-P4etWwq6IsReT0E1KHU40bOnzMHoH73aXp96Fs8TIT6z9Hu8G6+0SHSw9i2isWrD2nbx2qo5yUqACgdfVGx7TA==}
    engines: {node: '>=12'}
    cpu: [ia32]
    os: [linux]

  '@esbuild/linux-loong64@0.18.20':
    resolution: {integrity: sha512-nXW8nqBTrOpDLPgPY9uV+/1DjxoQ7DoB2N8eocyq8I9XuqJ7BiAMDMf9n1xZM9TgW0J8zrquIb/A7s3BJv7rjg==}
    engines: {node: '>=12'}
    cpu: [loong64]
    os: [linux]

  '@esbuild/linux-mips64el@0.18.20':
    resolution: {integrity: sha512-d5NeaXZcHp8PzYy5VnXV3VSd2D328Zb+9dEq5HE6bw6+N86JVPExrA6O68OPwobntbNJ0pzCpUFZTo3w0GyetQ==}
    engines: {node: '>=12'}
    cpu: [mips64el]
    os: [linux]

  '@esbuild/linux-ppc64@0.18.20':
    resolution: {integrity: sha512-WHPyeScRNcmANnLQkq6AfyXRFr5D6N2sKgkFo2FqguP44Nw2eyDlbTdZwd9GYk98DZG9QItIiTlFLHJHjxP3FA==}
    engines: {node: '>=12'}
    cpu: [ppc64]
    os: [linux]

  '@esbuild/linux-riscv64@0.18.20':
    resolution: {integrity: sha512-WSxo6h5ecI5XH34KC7w5veNnKkju3zBRLEQNY7mv5mtBmrP/MjNBCAlsM2u5hDBlS3NGcTQpoBvRzqBcRtpq1A==}
    engines: {node: '>=12'}
    cpu: [riscv64]
    os: [linux]

  '@esbuild/linux-s390x@0.18.20':
    resolution: {integrity: sha512-+8231GMs3mAEth6Ja1iK0a1sQ3ohfcpzpRLH8uuc5/KVDFneH6jtAJLFGafpzpMRO6DzJ6AvXKze9LfFMrIHVQ==}
    engines: {node: '>=12'}
    cpu: [s390x]
    os: [linux]

  '@esbuild/linux-x64@0.18.20':
    resolution: {integrity: sha512-UYqiqemphJcNsFEskc73jQ7B9jgwjWrSayxawS6UVFZGWrAAtkzjxSqnoclCXxWtfwLdzU+vTpcNYhpn43uP1w==}
    engines: {node: '>=12'}
    cpu: [x64]
    os: [linux]

  '@esbuild/netbsd-x64@0.18.20':
    resolution: {integrity: sha512-iO1c++VP6xUBUmltHZoMtCUdPlnPGdBom6IrO4gyKPFFVBKioIImVooR5I83nTew5UOYrk3gIJhbZh8X44y06A==}
    engines: {node: '>=12'}
    cpu: [x64]
    os: [netbsd]

  '@esbuild/openbsd-x64@0.18.20':
    resolution: {integrity: sha512-e5e4YSsuQfX4cxcygw/UCPIEP6wbIL+se3sxPdCiMbFLBWu0eiZOJ7WoD+ptCLrmjZBK1Wk7I6D/I3NglUGOxg==}
    engines: {node: '>=12'}
    cpu: [x64]
    os: [openbsd]

  '@esbuild/sunos-x64@0.18.20':
    resolution: {integrity: sha512-kDbFRFp0YpTQVVrqUd5FTYmWo45zGaXe0X8E1G/LKFC0v8x0vWrhOWSLITcCn63lmZIxfOMXtCfti/RxN/0wnQ==}
    engines: {node: '>=12'}
    cpu: [x64]
    os: [sunos]

  '@esbuild/win32-arm64@0.18.20':
    resolution: {integrity: sha512-ddYFR6ItYgoaq4v4JmQQaAI5s7npztfV4Ag6NrhiaW0RrnOXqBkgwZLofVTlq1daVTQNhtI5oieTvkRPfZrePg==}
    engines: {node: '>=12'}
    cpu: [arm64]
    os: [win32]

  '@esbuild/win32-ia32@0.18.20':
    resolution: {integrity: sha512-Wv7QBi3ID/rROT08SABTS7eV4hX26sVduqDOTe1MvGMjNd3EjOz4b7zeexIR62GTIEKrfJXKL9LFxTYgkyeu7g==}
    engines: {node: '>=12'}
    cpu: [ia32]
    os: [win32]

  '@esbuild/win32-x64@0.18.20':
    resolution: {integrity: sha512-kTdfRcSiDfQca/y9QIkng02avJ+NCaQvrMejlsB3RRv5sE9rRoeBPISaZpKxHELzRxZyLvNts1P27W3wV+8geQ==}
    engines: {node: '>=12'}
    cpu: [x64]
    os: [win32]

  '@rrweb/types@2.0.0-alpha.15':
    resolution: {integrity: sha512-NsD2D8oFYT+XZidklW3T/waqDyaUqu+GqBNMZRJ5UQ7hbwtlx0lmt6ZCvKa29cT/6GfEwNYxAQqelodAwRnHTw==}

  '@swc/core-darwin-arm64@1.6.5':
    resolution: {integrity: sha512-RGQhMdni2v1/ANQ/2K+F+QYdzaucekYBewZcX1ogqJ8G5sbPaBdYdDN1qQ4kHLCIkPtGP6qC7c71qPEqL2RidQ==}
    engines: {node: '>=10'}
    cpu: [arm64]
    os: [darwin]

  '@swc/core-darwin-x64@1.6.5':
    resolution: {integrity: sha512-/pSN0/Jtcbbb9+ovS9rKxR3qertpFAM3OEJr/+Dh/8yy7jK5G5EFPIrfsw/7Q5987ERPIJIH6BspK2CBB2tgcg==}
    engines: {node: '>=10'}
    cpu: [x64]
    os: [darwin]

  '@swc/core-linux-arm-gnueabihf@1.6.5':
    resolution: {integrity: sha512-B0g/dROCE747RRegs/jPHuKJgwXLracDhnqQa80kFdgWEMjlcb7OMCgs5OX86yJGRS4qcYbiMGD0Pp7Kbqn3yw==}
    engines: {node: '>=10'}
    cpu: [arm]
    os: [linux]

  '@swc/core-linux-arm64-gnu@1.6.5':
    resolution: {integrity: sha512-W8meapgXTq8AOtSvDG4yKR8ant2WWD++yOjgzAleB5VAC+oC+aa8YJROGxj8HepurU8kurqzcialwoMeq5SZZQ==}
    engines: {node: '>=10'}
    cpu: [arm64]
    os: [linux]

  '@swc/core-linux-arm64-musl@1.6.5':
    resolution: {integrity: sha512-jyCKqoX50Fg8rJUQqh4u5PqnE7nqYKXHjVH2WcYr114/MU21zlsI+YL6aOQU1XP8bJQ2gPQ1rnlnGJdEHiKS/w==}
    engines: {node: '>=10'}
    cpu: [arm64]
    os: [linux]

  '@swc/core-linux-x64-gnu@1.6.5':
    resolution: {integrity: sha512-G6HmUn/RRIlXC0YYFfBz2qh6OZkHS/KUPkhoG4X9ADcgWXXjOFh6JrefwsYj8VBAJEnr5iewzjNfj+nztwHaeA==}
    engines: {node: '>=10'}
    cpu: [x64]
    os: [linux]

  '@swc/core-linux-x64-musl@1.6.5':
    resolution: {integrity: sha512-AQpBjBnelQDSbeTJA50AXdS6+CP66LsXIMNTwhPSgUfE7Bx1ggZV11Fsi4Q5SGcs6a8Qw1cuYKN57ZfZC5QOuA==}
    engines: {node: '>=10'}
    cpu: [x64]
    os: [linux]

  '@swc/core-win32-arm64-msvc@1.6.5':
    resolution: {integrity: sha512-MZTWM8kUwS30pVrtbzSGEXtek46aXNb/mT9D6rsS7NvOuv2w+qZhjR1rzf4LNbbn5f8VnR4Nac1WIOYZmfC5ng==}
    engines: {node: '>=10'}
    cpu: [arm64]
    os: [win32]

  '@swc/core-win32-ia32-msvc@1.6.5':
    resolution: {integrity: sha512-WZdu4gISAr3yOm1fVwKhhk6+MrP7kVX0KMP7+ZQFTN5zXQEiDSDunEJKVgjMVj3vlR+6mnAqa/L0V9Qa8+zKlQ==}
    engines: {node: '>=10'}
    cpu: [ia32]
    os: [win32]

  '@swc/core-win32-x64-msvc@1.6.5':
    resolution: {integrity: sha512-ezXgucnMTzlFIxQZw7ls/5r2hseFaRoDL04cuXUOs97E8r+nJSmFsRQm/ygH5jBeXNo59nyZCalrjJAjwfgACA==}
    engines: {node: '>=10'}
    cpu: [x64]
    os: [win32]

  '@swc/core@1.6.5':
    resolution: {integrity: sha512-tyVvUK/HDOUUsK6/GmWvnqUtD9oDpPUA4f7f7JCOV8hXxtfjMtAZeBKf93yrB1XZet69TDR7EN0hFC6i4MF0Ig==}
    engines: {node: '>=10'}
    peerDependencies:
      '@swc/helpers': '*'
    peerDependenciesMeta:
      '@swc/helpers':
        optional: true

  '@swc/counter@0.1.3':
    resolution: {integrity: sha512-e2BR4lsJkkRlKZ/qCHPw9ZaSxc0MVUd7gtbtaB7aMvHeJVYe8sOB8DBZkP2DtISHGSku9sCK6T6cnY0CtXrOCQ==}

  '@swc/types@0.1.9':
    resolution: {integrity: sha512-qKnCno++jzcJ4lM4NTfYifm1EFSCeIfKiAHAfkENZAV5Kl9PjJIyd2yeeVv6c/2CckuLyv2NmRC5pv6pm2WQBg==}

  '@types/css-font-loading-module@0.0.7':
    resolution: {integrity: sha512-nl09VhutdjINdWyXxHWN/w9zlNCfr60JUqJbd24YXUuCwgeL0TpFSdElCwb6cxfB6ybE19Gjj4g0jsgkXxKv1Q==}

  '@types/history@4.7.11':
    resolution: {integrity: sha512-qjDJRrmvBMiTx+jyLxvLfJU7UznFuokDv4f3WRuriHKERccVpFU+8XMQUAbDzoiJCsmexxRExQeMwwCdamSKDA==}

  '@types/mixpanel-browser@2.49.0':
    resolution: {integrity: sha512-StmgUnS58d44DmIAEX9Kk8qwisAYCl6E2qulIjYyHXUPuJCPOuyUMTTKBp+aU2F2do+kxAzCxiBtsB4fnBT9Fg==}

  '@types/prop-types@15.7.12':
    resolution: {integrity: sha512-5zvhXYtRNRluoE/jAp4GVsSduVUzNWKkOZrCDBWYtE7biZywwdC2AcEzg+cSMLFRfVgeAFqpfNabiPjxFddV1Q==}

  '@types/react-dom@18.3.0':
    resolution: {integrity: sha512-EhwApuTmMBmXuFOikhQLIBUn6uFg81SwLMOAUgodJF14SOBOCMdU04gDoYi0WOJJHD144TL32z4yDqCW3dnkQg==}

  '@types/react-router-dom@5.3.3':
    resolution: {integrity: sha512-kpqnYK4wcdm5UaWI3fLcELopqLrHgLqNsdpHauzlQktfkHL3npOSwtj1Uz9oKBAzs7lFtVkV8j83voAz2D8fhw==}

  '@types/react-router@5.1.20':
    resolution: {integrity: sha512-jGjmu/ZqS7FjSH6owMcD5qpq19+1RS9DeVRqfl1FeBMxTDQAGwlMWOcs52NDoXaNKyG3d1cYQFMs9rCrb88o9Q==}

  '@types/react@18.3.3':
    resolution: {integrity: sha512-hti/R0pS0q1/xx+TsI73XIqk26eBsISZ2R0wUijXIngRK9R/e7Xw/cXVxQK7R5JjW+SV4zGcn5hXjudkN/pLIw==}

  '@vitejs/plugin-react-swc@3.7.0':
    resolution: {integrity: sha512-yrknSb3Dci6svCd/qhHqhFPDSw0QtjumcqdKMoNNzmOl5lMXTTiqzjWtG4Qask2HdvvzaNgSunbQGet8/GrKdA==}
    peerDependencies:
      vite: ^4 || ^5

  '@xstate/fsm@1.6.5':
    resolution: {integrity: sha512-b5o1I6aLNeYlU/3CPlj/Z91ybk1gUsKT+5NAJI+2W4UjvS5KLG28K9v5UvNoFVjHV8PajVZ00RH3vnjyQO7ZAw==}

  base64-arraybuffer@1.0.2:
    resolution: {integrity: sha512-I3yl4r9QB5ZRY3XuJVEPfc2XhZO6YweFPI+UovAzn+8/hb3oJ6lnysaFcjVpkCPfVWFUDvoZ8kmVDP7WyRtYtQ==}
    engines: {node: '>= 0.6.0'}

  csstype@3.1.3:
    resolution: {integrity: sha512-M1uQkMl8rQK/szD0LNhtqxIPLpimGm8sOBwU7lLnCpSbTyY3yeU1Vc7l4KT5zT4s/yOxHH5O7tIuuLOCnLADRw==}

  esbuild@0.18.20:
    resolution: {integrity: sha512-ceqxoedUrcayh7Y7ZX6NdbbDzGROiyVBgC4PriJThBKSVPWnnFHZAkfI1lJT8QFkOwH4qOS2SJkS4wvpGl8BpA==}
    engines: {node: '>=12'}
    hasBin: true

  fflate@0.4.8:
    resolution: {integrity: sha512-FJqqoDBR00Mdj9ppamLa/Y7vxm+PRmNWA67N846RvsoYVMKB4q3y/de5PA7gUmRMYK/8CMz2GDZQmCRN1wBcWA==}

  fsevents@2.3.3:
    resolution: {integrity: sha512-5xoDfX+fL7faATnagmWPpbFtwh/R77WmMMqqHGS65C3vvB0YHrgF+B1YmZ3441tMj5n63k0212XNoJwzlhffQw==}
    engines: {node: ^8.16.0 || ^10.6.0 || >=11.0.0}
    os: [darwin]

  history@4.10.1:
    resolution: {integrity: sha512-36nwAD620w12kuzPAsyINPWJqlNbij+hpK1k9XRloDtym8mxzGYl2c17LnV6IAGB2Dmg4tEa7G7DlawS0+qjew==}

  hoist-non-react-statics@3.3.2:
    resolution: {integrity: sha512-/gGivxi8JPKWNm/W0jSmzcMPpfpPLc3dY/6GxhX2hQ9iGj3aDfklV4ET7NjKpSinLpJ5vafa9iiGIEZg10SfBw==}

  isarray@0.0.1:
    resolution: {integrity: sha512-D2S+3GLxWH+uhrNEcoh/fnmYeP8E8/zHl644d/jdA0g2uyXvy3sb0qxotE+ne0LtccHknQzWwZEzhak7oJ0COQ==}

  js-tokens@4.0.0:
    resolution: {integrity: sha512-RdJUflcE3cUzKiMqQgsCu06FPu9UdIJO0beYbPhHN4k6apgJtifcoCtT9bcxOpYBtpD2kCM6Sbzg4CausW/PKQ==}

  loose-envify@1.4.0:
    resolution: {integrity: sha512-lyuxPGr/Wfhrlem2CL/UcnUc1zcqKAImBDzukY7Y5F/yQiNdko6+fRLevlw1HgMySw7f611UIY408EtxRSoK3Q==}
    hasBin: true

  mitt@3.0.1:
    resolution: {integrity: sha512-vKivATfr97l2/QBCYAkXYDbrIWPM2IIKEl7YPhjCvKlG3kE2gm+uBo6nEXK3M5/Ffh/FLpKExzOQ3JJoJGFKBw==}

  mixpanel-browser@2.53.0:
    resolution: {integrity: sha512-8U7zCTT82yCIH2vfdCvs0ZRWlCgyHMuU4jtC6yOAiNUR4HhnQYk7re/o2GnhfdvYtkPxdda60/3eH1igUlIXuw==}

  nanoid@3.3.7:
    resolution: {integrity: sha512-eSRppjcPIatRIMC1U6UngP8XFcz8MQWGQdt1MTBQ7NaAmvXDfvNxbvWV3x2y6CdEUciCSsDHDQZbhYaB8QEo2g==}
    engines: {node: ^10 || ^12 || ^13.7 || ^14 || >=15.0.1}
    hasBin: true

  object-assign@4.1.1:
    resolution: {integrity: sha512-rJgTQnkUnH1sFw8yT6VSU3zD3sWmu6sZhIseY8VX+GRu3P6F7Fu+JNDoXfklElbLJSnc3FUQHVe4cU5hj+BcUg==}
    engines: {node: '>=0.10.0'}

  path-to-regexp@1.8.0:
    resolution: {integrity: sha512-n43JRhlUKUAlibEJhPeir1ncUID16QnEjNpwzNdO3Lm4ywrBpBZ5oLD0I6br9evr1Y9JTqwRtAh7JLoOzAQdVA==}

  picocolors@1.0.1:
    resolution: {integrity: sha512-anP1Z8qwhkbmu7MFP5iTt+wQKXgwzf7zTyGlcdzabySa9vd0Xt392U0rVmz9poOaBj0uHJKyyo9/upk0HrEQew==}

  postcss@8.4.38:
    resolution: {integrity: sha512-Wglpdk03BSfXkHoQa3b/oulrotAkwrlLDRSOb9D0bN86FdRyE9lppSp33aHNPgBa0JKCoB+drFLZkQoRRYae5A==}
    engines: {node: ^10 || ^12 || >=14}

  prop-types@15.8.1:
    resolution: {integrity: sha512-oj87CgZICdulUohogVAR7AjlC0327U4el4L6eAvOqCeudMDVU0NThNaV+b9Df4dXgSP1gXMTnPdhfe/2qDH5cg==}

  react-dom@18.3.1:
    resolution: {integrity: sha512-5m4nQKp+rZRb09LNH59GM4BxTh9251/ylbKIbpe7TpGxfJ+9kv6BLkLBXIjjspbgbnIBNqlI23tRnTWT0snUIw==}
    peerDependencies:
      react: ^18.3.1

  react-is@16.13.1:
    resolution: {integrity: sha512-24e6ynE2H+OKt4kqsOvNd8kBpV65zoxbA4BVsEOB3ARVWQki/DHzaUoC5KuON/BiccDaCCTZBuOcfZs70kR8bQ==}

  react-router-dom@5.3.4:
    resolution: {integrity: sha512-m4EqFMHv/Ih4kpcBCONHbkT68KoAeHN4p3lAGoNryfHi0dMy0kCzEZakiKRsvg5wHZ/JLrLW8o8KomWiz/qbYQ==}
    peerDependencies:
      react: '>=15'

  react-router@5.3.4:
    resolution: {integrity: sha512-Ys9K+ppnJah3QuaRiLxk+jDWOR1MekYQrlytiXxC1RyfbdsZkS5pvKAzCCr031xHixZwpnsYNT5xysdFHQaYsA==}
    peerDependencies:
      react: '>=15'

  react@18.3.1:
    resolution: {integrity: sha512-wS+hAgJShR0KhEvPJArfuPVN1+Hz1t0Y6n5jLrGQbkb4urgPE/0Rve+1kMB1v/oWgHgm4WIcV+i7F2pTVj+2iQ==}
    engines: {node: '>=0.10.0'}

  regenerator-runtime@0.14.1:
    resolution: {integrity: sha512-dYnhHh0nJoMfnkZs6GmmhFknAGRrLznOu5nc9ML+EJxGvrx6H7teuevqVqCuPcPK//3eDrrjQhehXVx9cnkGdw==}

  resolve-pathname@3.0.0:
    resolution: {integrity: sha512-C7rARubxI8bXFNB/hqcp/4iUeIXJhJZvFPFPiSPRnhU5UPxzMFIl+2E6yY6c4k9giDJAhtV+enfA+G89N6Csng==}

  rollup@3.29.4:
    resolution: {integrity: sha512-oWzmBZwvYrU0iJHtDmhsm662rC15FRXmcjCk1xD771dFDx5jJ02ufAQQTn0etB2emNk4J9EZg/yWKpsn9BWGRw==}
    engines: {node: '>=14.18.0', npm: '>=8.0.0'}
    hasBin: true

  rrdom@2.0.0-alpha.15:
    resolution: {integrity: sha512-c7BMmqJf6u9cm5G1wx7Mgnc5pyNog4CLaGTDUZCDGZAIfRIFOWwu7A4f2z9IPiEeokgc5wq8R/8/dKp6xpg8Ug==}

  rrweb-snapshot@2.0.0-alpha.15:
    resolution: {integrity: sha512-U5lOYoMt6YsmxKcnWVhX1ller6B8/OICQqLWqvylajTYv5oRHgAk68AFDTAXxLsjMSTQjtr1Vp+REFSmnhWrIg==}

  rrweb@2.0.0-alpha.13:
    resolution: {integrity: sha512-a8GXOCnzWHNaVZPa7hsrLZtNZ3CGjiL+YrkpLo0TfmxGLhjNZbWY2r7pE06p+FcjFNlgUVTmFrSJbK3kO7yxvw==}

  scheduler@0.23.2:
    resolution: {integrity: sha512-UOShsPwz7NrMUqhR6t0hWjFduvOzbtv7toDH1/hIrfRNIDBnnBWd0CwJTGvTpngVlmwGCdP9/Zl/tVrDqcuYzQ==}

  source-map-js@1.2.0:
    resolution: {integrity: sha512-itJW8lvSA0TXEphiRoawsCksnlf8SyvmFzIhltqAHluXd88pkCd+cXJVHTDwdCr0IzwptSm035IHQktUu1QUMg==}
    engines: {node: '>=0.10.0'}

  tiny-invariant@1.3.3:
    resolution: {integrity: sha512-+FbBPE1o9QAYvviau/qC5SE3caw21q3xkvWKBtja5vgqOWIHHJ3ioaq1VPfn/Szqctz2bU/oYeKd9/z5BL+PVg==}

  tiny-warning@1.0.3:
    resolution: {integrity: sha512-lBN9zLN/oAf68o3zNXYrdCt1kP8WsiGW8Oo2ka41b2IM5JL/S1CTyX1rW0mb/zSuJun0ZUrDxx4sqvYS2FWzPA==}

  typescript@4.9.5:
    resolution: {integrity: sha512-1FXk9E2Hm+QzZQ7z+McJiHL4NW1F2EzMu9Nq9i3zAaGqibafqYwCVU6WyWAuyQRRzOlxou8xZSyXLEN8oKj24g==}
    engines: {node: '>=4.2.0'}
    hasBin: true

  value-equal@1.0.1:
    resolution: {integrity: sha512-NOJ6JZCAWr0zlxZt+xqCHNTEKOsrks2HQd4MqhP1qy4z1SkbEP467eNx6TgDKXMvUOb+OENfJCZwM+16n7fRfw==}

  vite@4.5.3:
    resolution: {integrity: sha512-kQL23kMeX92v3ph7IauVkXkikdDRsYMGTVl5KY2E9OY4ONLvkHf04MDTbnfo6NKxZiDLWzVpP5oTa8hQD8U3dg==}
    engines: {node: ^14.18.0 || >=16.0.0}
    hasBin: true
    peerDependencies:
      '@types/node': '>= 14'
      less: '*'
      lightningcss: ^1.21.0
      sass: '*'
      stylus: '*'
      sugarss: '*'
      terser: ^5.4.0
    peerDependenciesMeta:
      '@types/node':
        optional: true
      less:
        optional: true
      lightningcss:
        optional: true
      sass:
        optional: true
      stylus:
        optional: true
      sugarss:
        optional: true
      terser:
        optional: true

snapshots:

  '@babel/runtime@7.24.7':
    dependencies:
      regenerator-runtime: 0.14.1

  '@esbuild/android-arm64@0.18.20':
    optional: true

  '@esbuild/android-arm@0.18.20':
    optional: true

  '@esbuild/android-x64@0.18.20':
    optional: true

  '@esbuild/darwin-arm64@0.18.20':
    optional: true

  '@esbuild/darwin-x64@0.18.20':
    optional: true

  '@esbuild/freebsd-arm64@0.18.20':
    optional: true

  '@esbuild/freebsd-x64@0.18.20':
    optional: true

  '@esbuild/linux-arm64@0.18.20':
    optional: true

  '@esbuild/linux-arm@0.18.20':
    optional: true

  '@esbuild/linux-ia32@0.18.20':
    optional: true

  '@esbuild/linux-loong64@0.18.20':
    optional: true

  '@esbuild/linux-mips64el@0.18.20':
    optional: true

  '@esbuild/linux-ppc64@0.18.20':
    optional: true

  '@esbuild/linux-riscv64@0.18.20':
    optional: true

  '@esbuild/linux-s390x@0.18.20':
    optional: true

  '@esbuild/linux-x64@0.18.20':
    optional: true

  '@esbuild/netbsd-x64@0.18.20':
    optional: true

  '@esbuild/openbsd-x64@0.18.20':
    optional: true

  '@esbuild/sunos-x64@0.18.20':
    optional: true

  '@esbuild/win32-arm64@0.18.20':
    optional: true

  '@esbuild/win32-ia32@0.18.20':
    optional: true

  '@esbuild/win32-x64@0.18.20':
    optional: true

  '@rrweb/types@2.0.0-alpha.15':
    dependencies:
      rrweb-snapshot: 2.0.0-alpha.15

  '@swc/core-darwin-arm64@1.6.5':
    optional: true

  '@swc/core-darwin-x64@1.6.5':
    optional: true

  '@swc/core-linux-arm-gnueabihf@1.6.5':
    optional: true

  '@swc/core-linux-arm64-gnu@1.6.5':
    optional: true

  '@swc/core-linux-arm64-musl@1.6.5':
    optional: true

  '@swc/core-linux-x64-gnu@1.6.5':
    optional: true

  '@swc/core-linux-x64-musl@1.6.5':
    optional: true

  '@swc/core-win32-arm64-msvc@1.6.5':
    optional: true

  '@swc/core-win32-ia32-msvc@1.6.5':
    optional: true

  '@swc/core-win32-x64-msvc@1.6.5':
    optional: true

  '@swc/core@1.6.5':
    dependencies:
      '@swc/counter': 0.1.3
      '@swc/types': 0.1.9
    optionalDependencies:
      '@swc/core-darwin-arm64': 1.6.5
      '@swc/core-darwin-x64': 1.6.5
      '@swc/core-linux-arm-gnueabihf': 1.6.5
      '@swc/core-linux-arm64-gnu': 1.6.5
      '@swc/core-linux-arm64-musl': 1.6.5
      '@swc/core-linux-x64-gnu': 1.6.5
      '@swc/core-linux-x64-musl': 1.6.5
      '@swc/core-win32-arm64-msvc': 1.6.5
      '@swc/core-win32-ia32-msvc': 1.6.5
      '@swc/core-win32-x64-msvc': 1.6.5

  '@swc/counter@0.1.3': {}

  '@swc/types@0.1.9':
    dependencies:
      '@swc/counter': 0.1.3

  '@types/css-font-loading-module@0.0.7': {}

  '@types/history@4.7.11': {}

  '@types/mixpanel-browser@2.49.0': {}

  '@types/prop-types@15.7.12': {}

  '@types/react-dom@18.3.0':
    dependencies:
      '@types/react': 18.3.3

  '@types/react-router-dom@5.3.3':
    dependencies:
      '@types/history': 4.7.11
      '@types/react': 18.3.3
      '@types/react-router': 5.1.20

  '@types/react-router@5.1.20':
    dependencies:
      '@types/history': 4.7.11
      '@types/react': 18.3.3

  '@types/react@18.3.3':
    dependencies:
      '@types/prop-types': 15.7.12
      csstype: 3.1.3

  '@vitejs/plugin-react-swc@3.7.0(vite@4.5.3)':
    dependencies:
      '@swc/core': 1.6.5
      vite: 4.5.3
    transitivePeerDependencies:
      - '@swc/helpers'

  '@xstate/fsm@1.6.5': {}

  base64-arraybuffer@1.0.2: {}

  csstype@3.1.3: {}

  esbuild@0.18.20:
    optionalDependencies:
      '@esbuild/android-arm': 0.18.20
      '@esbuild/android-arm64': 0.18.20
      '@esbuild/android-x64': 0.18.20
      '@esbuild/darwin-arm64': 0.18.20
      '@esbuild/darwin-x64': 0.18.20
      '@esbuild/freebsd-arm64': 0.18.20
      '@esbuild/freebsd-x64': 0.18.20
      '@esbuild/linux-arm': 0.18.20
      '@esbuild/linux-arm64': 0.18.20
      '@esbuild/linux-ia32': 0.18.20
      '@esbuild/linux-loong64': 0.18.20
      '@esbuild/linux-mips64el': 0.18.20
      '@esbuild/linux-ppc64': 0.18.20
      '@esbuild/linux-riscv64': 0.18.20
      '@esbuild/linux-s390x': 0.18.20
      '@esbuild/linux-x64': 0.18.20
      '@esbuild/netbsd-x64': 0.18.20
      '@esbuild/openbsd-x64': 0.18.20
      '@esbuild/sunos-x64': 0.18.20
      '@esbuild/win32-arm64': 0.18.20
      '@esbuild/win32-ia32': 0.18.20
      '@esbuild/win32-x64': 0.18.20

  fflate@0.4.8: {}

  fsevents@2.3.3:
    optional: true

  history@4.10.1:
    dependencies:
      '@babel/runtime': 7.24.7
      loose-envify: 1.4.0
      resolve-pathname: 3.0.0
      tiny-invariant: 1.3.3
      tiny-warning: 1.0.3
      value-equal: 1.0.1

  hoist-non-react-statics@3.3.2:
    dependencies:
      react-is: 16.13.1

  isarray@0.0.1: {}

  js-tokens@4.0.0: {}

  loose-envify@1.4.0:
    dependencies:
      js-tokens: 4.0.0

  mitt@3.0.1: {}

  mixpanel-browser@2.53.0:
    dependencies:
      rrweb: 2.0.0-alpha.13

  nanoid@3.3.7: {}

  object-assign@4.1.1: {}

  path-to-regexp@1.8.0:
    dependencies:
      isarray: 0.0.1

  picocolors@1.0.1: {}

  postcss@8.4.38:
    dependencies:
      nanoid: 3.3.7
      picocolors: 1.0.1
      source-map-js: 1.2.0

  prop-types@15.8.1:
    dependencies:
      loose-envify: 1.4.0
      object-assign: 4.1.1
      react-is: 16.13.1

  react-dom@18.3.1(react@18.3.1):
    dependencies:
      loose-envify: 1.4.0
      react: 18.3.1
      scheduler: 0.23.2

  react-is@16.13.1: {}

  react-router-dom@5.3.4(react@18.3.1):
    dependencies:
      '@babel/runtime': 7.24.7
      history: 4.10.1
      loose-envify: 1.4.0
      prop-types: 15.8.1
      react: 18.3.1
      react-router: 5.3.4(react@18.3.1)
      tiny-invariant: 1.3.3
      tiny-warning: 1.0.3

  react-router@5.3.4(react@18.3.1):
    dependencies:
      '@babel/runtime': 7.24.7
      history: 4.10.1
      hoist-non-react-statics: 3.3.2
      loose-envify: 1.4.0
      path-to-regexp: 1.8.0
      prop-types: 15.8.1
      react: 18.3.1
      react-is: 16.13.1
      tiny-invariant: 1.3.3
      tiny-warning: 1.0.3

  react@18.3.1:
    dependencies:
      loose-envify: 1.4.0

  regenerator-runtime@0.14.1: {}

  resolve-pathname@3.0.0: {}

  rollup@3.29.4:
    optionalDependencies:
      fsevents: 2.3.3

  rrdom@2.0.0-alpha.15:
    dependencies:
      rrweb-snapshot: 2.0.0-alpha.15

  rrweb-snapshot@2.0.0-alpha.15: {}

  rrweb@2.0.0-alpha.13:
    dependencies:
      '@rrweb/types': 2.0.0-alpha.15
      '@types/css-font-loading-module': 0.0.7
      '@xstate/fsm': 1.6.5
      base64-arraybuffer: 1.0.2
      fflate: 0.4.8
      mitt: 3.0.1
      rrdom: 2.0.0-alpha.15
      rrweb-snapshot: 2.0.0-alpha.15

  scheduler@0.23.2:
    dependencies:
      loose-envify: 1.4.0

  source-map-js@1.2.0: {}

  tiny-invariant@1.3.3: {}

  tiny-warning@1.0.3: {}

  typescript@4.9.5: {}

  value-equal@1.0.1: {}

  vite@4.5.3:
    dependencies:
      esbuild: 0.18.20
      postcss: 8.4.38
      rollup: 3.29.4
    optionalDependencies:
      fsevents: 2.3.3
